
Microsoft Visual Studio Solution File, Format Version 12.00
# Visual Studio 14
VisualStudioVersion = 14.0.25420.1
MinimumVisualStudioVersion = 10.0.40219.1
Project("{FAE04EC0-301F-11D3-BF4B-00C04F79EFBC}") = "PTA_Restaurants.XForms", "PTA-Restaurants.XForms\PTA_Restaurants.XForms\PTA_Restaurants.XForms.csproj", "{BDB3173D-57B8-436B-A848-E16C74392040}"
EndProject
Project("{FAE04EC0-301F-11D3-BF4B-00C04F79EFBC}") = "PTA_Restaurants.XForms.Droid", "PTA-Restaurants.XForms\PTA_Restaurants.XForms.Droid\PTA_Restaurants.XForms.Droid.csproj", "{868A2E56-9D95-4010-8306-23BB725BEAEA}"
EndProject
Project("{FAE04EC0-301F-11D3-BF4B-00C04F79EFBC}") = "PTA_Restaurants.XForms.iOS", "PTA-Restaurants.XForms\PTA_Restaurants.XForms.iOS\PTA_Restaurants.XForms.iOS.csproj", "{758AE466-CA6C-415D-A939-77067D8BBECE}"
EndProject
Global
	GlobalSection(SolutionConfigurationPlatforms) = preSolution
		Ad-Hoc|Any CPU = Ad-Hoc|Any CPU
		Ad-Hoc|ARM = Ad-Hoc|ARM
		Ad-Hoc|iPhone = Ad-Hoc|iPhone
		Ad-Hoc|iPhoneSimulator = Ad-Hoc|iPhoneSimulator
		Ad-Hoc|x64 = Ad-Hoc|x64
		Ad-Hoc|x86 = Ad-Hoc|x86
		AppStore|Any CPU = AppStore|Any CPU
		AppStore|ARM = AppStore|ARM
		AppStore|iPhone = AppStore|iPhone
		AppStore|iPhoneSimulator = AppStore|iPhoneSimulator
		AppStore|x64 = AppStore|x64
		AppStore|x86 = AppStore|x86
		Debug|Any CPU = Debug|Any CPU
		Debug|ARM = Debug|ARM
		Debug|iPhone = Debug|iPhone
		Debug|iPhoneSimulator = Debug|iPhoneSimulator
		Debug|x64 = Debug|x64
		Debug|x86 = Debug|x86
		Release|Any CPU = Release|Any CPU
		Release|ARM = Release|ARM
		Release|iPhone = Release|iPhone
		Release|iPhoneSimulator = Release|iPhoneSimulator
		Release|x64 = Release|x64
		Release|x86 = Release|x86
	EndGlobalSection
	GlobalSection(ProjectConfigurationPlatforms) = postSolution
		{BDB3173D-57B8-436B-A848-E16C74392040}.Ad-Hoc|Any CPU.ActiveCfg = Release|Any CPU
		{BDB3173D-57B8-436B-A848-E16C74392040}.Ad-Hoc|Any CPU.Build.0 = Release|Any CPU
		{BDB3173D-57B8-436B-A848-E16C74392040}.Ad-Hoc|ARM.ActiveCfg = Release|Any CPU
		{BDB3173D-57B8-436B-A848-E16C74392040}.Ad-Hoc|ARM.Build.0 = Release|Any CPU
		{BDB3173D-57B8-436B-A848-E16C74392040}.Ad-Hoc|iPhone.ActiveCfg = Release|Any CPU
		{BDB3173D-57B8-436B-A848-E16C74392040}.Ad-Hoc|iPhone.Build.0 = Release|Any CPU
		{BDB3173D-57B8-436B-A848-E16C74392040}.Ad-Hoc|iPhoneSimulator.ActiveCfg = Release|Any CPU
		{BDB3173D-57B8-436B-A848-E16C74392040}.Ad-Hoc|iPhoneSimulator.Build.0 = Release|Any CPU
		{BDB3173D-57B8-436B-A848-E16C74392040}.Ad-Hoc|x64.ActiveCfg = Release|Any CPU
		{BDB3173D-57B8-436B-A848-E16C74392040}.Ad-Hoc|x64.Build.0 = Release|Any CPU
		{BDB3173D-57B8-436B-A848-E16C74392040}.Ad-Hoc|x86.ActiveCfg = Release|Any CPU
		{BDB3173D-57B8-436B-A848-E16C74392040}.Ad-Hoc|x86.Build.0 = Release|Any CPU
		{BDB3173D-57B8-436B-A848-E16C74392040}.AppStore|Any CPU.ActiveCfg = Release|Any CPU
		{BDB3173D-57B8-436B-A848-E16C74392040}.AppStore|Any CPU.Build.0 = Release|Any CPU
		{BDB3173D-57B8-436B-A848-E16C74392040}.AppStore|ARM.ActiveCfg = Release|Any CPU
		{BDB3173D-57B8-436B-A848-E16C74392040}.AppStore|ARM.Build.0 = Release|Any CPU
		{BDB3173D-57B8-436B-A848-E16C74392040}.AppStore|iPhone.ActiveCfg = Release|Any CPU
		{BDB3173D-57B8-436B-A848-E16C74392040}.AppStore|iPhone.Build.0 = Release|Any CPU
		{BDB3173D-57B8-436B-A848-E16C74392040}.AppStore|iPhoneSimulator.ActiveCfg = Release|Any CPU
		{BDB3173D-57B8-436B-A848-E16C74392040}.AppStore|iPhoneSimulator.Build.0 = Release|Any CPU
		{BDB3173D-57B8-436B-A848-E16C74392040}.AppStore|x64.ActiveCfg = Release|Any CPU
		{BDB3173D-57B8-436B-A848-E16C74392040}.AppStore|x64.Build.0 = Release|Any CPU
		{BDB3173D-57B8-436B-A848-E16C74392040}.AppStore|x86.ActiveCfg = Release|Any CPU
		{BDB3173D-57B8-436B-A848-E16C74392040}.AppStore|x86.Build.0 = Release|Any CPU
		{BDB3173D-57B8-436B-A848-E16C74392040}.Debug|Any CPU.ActiveCfg = Debug|Any CPU
		{BDB3173D-57B8-436B-A848-E16C74392040}.Debug|Any CPU.Build.0 = Debug|Any CPU
		{BDB3173D-57B8-436B-A848-E16C74392040}.Debug|ARM.ActiveCfg = Debug|Any CPU
		{BDB3173D-57B8-436B-A848-E16C74392040}.Debug|ARM.Build.0 = Debug|Any CPU
		{BDB3173D-57B8-436B-A848-E16C74392040}.Debug|iPhone.ActiveCfg = Debug|Any CPU
		{BDB3173D-57B8-436B-A848-E16C74392040}.Debug|iPhone.Build.0 = Debug|Any CPU
		{BDB3173D-57B8-436B-A848-E16C74392040}.Debug|iPhoneSimulator.ActiveCfg = Debug|Any CPU
		{BDB3173D-57B8-436B-A848-E16C74392040}.Debug|iPhoneSimulator.Build.0 = Debug|Any CPU
		{BDB3173D-57B8-436B-A848-E16C74392040}.Debug|x64.ActiveCfg = Debug|Any CPU
		{BDB3173D-57B8-436B-A848-E16C74392040}.Debug|x64.Build.0 = Debug|Any CPU
		{BDB3173D-57B8-436B-A848-E16C74392040}.Debug|x86.ActiveCfg = Debug|Any CPU
		{BDB3173D-57B8-436B-A848-E16C74392040}.Debug|x86.Build.0 = Debug|Any CPU
		{BDB3173D-57B8-436B-A848-E16C74392040}.Release|Any CPU.ActiveCfg = Release|Any CPU
		{BDB3173D-57B8-436B-A848-E16C74392040}.Release|Any CPU.Build.0 = Release|Any CPU
		{BDB3173D-57B8-436B-A848-E16C74392040}.Release|ARM.ActiveCfg = Release|Any CPU
		{BDB3173D-57B8-436B-A848-E16C74392040}.Release|ARM.Build.0 = Release|Any CPU
		{BDB3173D-57B8-436B-A848-E16C74392040}.Release|iPhone.ActiveCfg = Release|Any CPU
		{BDB3173D-57B8-436B-A848-E16C74392040}.Release|iPhone.Build.0 = Release|Any CPU
		{BDB3173D-57B8-436B-A848-E16C74392040}.Release|iPhoneSimulator.ActiveCfg = Release|Any CPU
		{BDB3173D-57B8-436B-A848-E16C74392040}.Release|iPhoneSimulator.Build.0 = Release|Any CPU
		{BDB3173D-57B8-436B-A848-E16C74392040}.Release|x64.ActiveCfg = Release|Any CPU
		{BDB3173D-57B8-436B-A848-E16C74392040}.Release|x64.Build.0 = Release|Any CPU
		{BDB3173D-57B8-436B-A848-E16C74392040}.Release|x86.ActiveCfg = Release|Any CPU
		{BDB3173D-57B8-436B-A848-E16C74392040}.Release|x86.Build.0 = Release|Any CPU
		{868A2E56-9D95-4010-8306-23BB725BEAEA}.Ad-Hoc|Any CPU.ActiveCfg = Release|Any CPU
		{868A2E56-9D95-4010-8306-23BB725BEAEA}.Ad-Hoc|Any CPU.Build.0 = Release|Any CPU
		{868A2E56-9D95-4010-8306-23BB725BEAEA}.Ad-Hoc|Any CPU.Deploy.0 = Release|Any CPU
		{868A2E56-9D95-4010-8306-23BB725BEAEA}.Ad-Hoc|ARM.ActiveCfg = Release|Any CPU
		{868A2E56-9D95-4010-8306-23BB725BEAEA}.Ad-Hoc|ARM.Build.0 = Release|Any CPU
		{868A2E56-9D95-4010-8306-23BB725BEAEA}.Ad-Hoc|ARM.Deploy.0 = Release|Any CPU
		{868A2E56-9D95-4010-8306-23BB725BEAEA}.Ad-Hoc|iPhone.ActiveCfg = Release|Any CPU
		{868A2E56-9D95-4010-8306-23BB725BEAEA}.Ad-Hoc|iPhone.Build.0 = Release|Any CPU
		{868A2E56-9D95-4010-8306-23BB725BEAEA}.Ad-Hoc|iPhone.Deploy.0 = Release|Any CPU
		{868A2E56-9D95-4010-8306-23BB725BEAEA}.Ad-Hoc|iPhoneSimulator.ActiveCfg = Release|Any CPU
		{868A2E56-9D95-4010-8306-23BB725BEAEA}.Ad-Hoc|iPhoneSimulator.Build.0 = Release|Any CPU
		{868A2E56-9D95-4010-8306-23BB725BEAEA}.Ad-Hoc|iPhoneSimulator.Deploy.0 = Release|Any CPU
		{868A2E56-9D95-4010-8306-23BB725BEAEA}.Ad-Hoc|x64.ActiveCfg = Release|Any CPU
		{868A2E56-9D95-4010-8306-23BB725BEAEA}.Ad-Hoc|x64.Build.0 = Release|Any CPU
		{868A2E56-9D95-4010-8306-23BB725BEAEA}.Ad-Hoc|x64.Deploy.0 = Release|Any CPU
		{868A2E56-9D95-4010-8306-23BB725BEAEA}.Ad-Hoc|x86.ActiveCfg = Release|Any CPU
		{868A2E56-9D95-4010-8306-23BB725BEAEA}.Ad-Hoc|x86.Build.0 = Release|Any CPU
		{868A2E56-9D95-4010-8306-23BB725BEAEA}.Ad-Hoc|x86.Deploy.0 = Release|Any CPU
		{868A2E56-9D95-4010-8306-23BB725BEAEA}.AppStore|Any CPU.ActiveCfg = Release|Any CPU
		{868A2E56-9D95-4010-8306-23BB725BEAEA}.AppStore|Any CPU.Build.0 = Release|Any CPU
		{868A2E56-9D95-4010-8306-23BB725BEAEA}.AppStore|Any CPU.Deploy.0 = Release|Any CPU
		{868A2E56-9D95-4010-8306-23BB725BEAEA}.AppStore|ARM.ActiveCfg = Release|Any CPU
		{868A2E56-9D95-4010-8306-23BB725BEAEA}.AppStore|ARM.Build.0 = Release|Any CPU
		{868A2E56-9D95-4010-8306-23BB725BEAEA}.AppStore|ARM.Deploy.0 = Release|Any CPU
		{868A2E56-9D95-4010-8306-23BB725BEAEA}.AppStore|iPhone.ActiveCfg = Release|Any CPU
		{868A2E56-9D95-4010-8306-23BB725BEAEA}.AppStore|iPhone.Build.0 = Release|Any CPU
		{868A2E56-9D95-4010-8306-23BB725BEAEA}.AppStore|iPhone.Deploy.0 = Release|Any CPU
		{868A2E56-9D95-4010-8306-23BB725BEAEA}.AppStore|iPhoneSimulator.ActiveCfg = Release|Any CPU
		{868A2E56-9D95-4010-8306-23BB725BEAEA}.AppStore|iPhoneSimulator.Build.0 = Release|Any CPU
		{868A2E56-9D95-4010-8306-23BB725BEAEA}.AppStore|iPhoneSimulator.Deploy.0 = Release|Any CPU
		{868A2E56-9D95-4010-8306-23BB725BEAEA}.AppStore|x64.ActiveCfg = Release|Any CPU
		{868A2E56-9D95-4010-8306-23BB725BEAEA}.AppStore|x64.Build.0 = Release|Any CPU
		{868A2E56-9D95-4010-8306-23BB725BEAEA}.AppStore|x64.Deploy.0 = Release|Any CPU
		{868A2E56-9D95-4010-8306-23BB725BEAEA}.AppStore|x86.ActiveCfg = Release|Any CPU
		{868A2E56-9D95-4010-8306-23BB725BEAEA}.AppStore|x86.Build.0 = Release|Any CPU
		{868A2E56-9D95-4010-8306-23BB725BEAEA}.AppStore|x86.Deploy.0 = Release|Any CPU
		{868A2E56-9D95-4010-8306-23BB725BEAEA}.Debug|Any CPU.ActiveCfg = Debug|Any CPU
		{868A2E56-9D95-4010-8306-23BB725BEAEA}.Debug|Any CPU.Build.0 = Debug|Any CPU
		{868A2E56-9D95-4010-8306-23BB725BEAEA}.Debug|Any CPU.Deploy.0 = Debug|Any CPU
		{868A2E56-9D95-4010-8306-23BB725BEAEA}.Debug|ARM.ActiveCfg = Debug|Any CPU
		{868A2E56-9D95-4010-8306-23BB725BEAEA}.Debug|ARM.Build.0 = Debug|Any CPU
		{868A2E56-9D95-4010-8306-23BB725BEAEA}.Debug|ARM.Deploy.0 = Debug|Any CPU
		{868A2E56-9D95-4010-8306-23BB725BEAEA}.Debug|iPhone.ActiveCfg = Debug|Any CPU
		{868A2E56-9D95-4010-8306-23BB725BEAEA}.Debug|iPhone.Build.0 = Debug|Any CPU
		{868A2E56-9D95-4010-8306-23BB725BEAEA}.Debug|iPhone.Deploy.0 = Debug|Any CPU
		{868A2E56-9D95-4010-8306-23BB725BEAEA}.Debug|iPhoneSimulator.ActiveCfg = Debug|Any CPU
		{868A2E56-9D95-4010-8306-23BB725BEAEA}.Debug|iPhoneSimulator.Build.0 = Debug|Any CPU
		{868A2E56-9D95-4010-8306-23BB725BEAEA}.Debug|iPhoneSimulator.Deploy.0 = Debug|Any CPU
		{868A2E56-9D95-4010-8306-23BB725BEAEA}.Debug|x64.ActiveCfg = Debug|Any CPU
		{868A2E56-9D95-4010-8306-23BB725BEAEA}.Debug|x64.Build.0 = Debug|Any CPU
		{868A2E56-9D95-4010-8306-23BB725BEAEA}.Debug|x64.Deploy.0 = Debug|Any CPU
		{868A2E56-9D95-4010-8306-23BB725BEAEA}.Debug|x86.ActiveCfg = Debug|Any CPU
		{868A2E56-9D95-4010-8306-23BB725BEAEA}.Debug|x86.Build.0 = Debug|Any CPU
		{868A2E56-9D95-4010-8306-23BB725BEAEA}.Debug|x86.Deploy.0 = Debug|Any CPU
		{868A2E56-9D95-4010-8306-23BB725BEAEA}.Release|Any CPU.ActiveCfg = Release|Any CPU
		{868A2E56-9D95-4010-8306-23BB725BEAEA}.Release|Any CPU.Build.0 = Release|Any CPU
		{868A2E56-9D95-4010-8306-23BB725BEAEA}.Release|Any CPU.Deploy.0 = Release|Any CPU
		{868A2E56-9D95-4010-8306-23BB725BEAEA}.Release|ARM.ActiveCfg = Release|Any CPU
		{868A2E56-9D95-4010-8306-23BB725BEAEA}.Release|ARM.Build.0 = Release|Any CPU
		{868A2E56-9D95-4010-8306-23BB725BEAEA}.Release|ARM.Deploy.0 = Release|Any CPU
		{868A2E56-9D95-4010-8306-23BB725BEAEA}.Release|iPhone.ActiveCfg = Release|Any CPU
		{868A2E56-9D95-4010-8306-23BB725BEAEA}.Release|iPhone.Build.0 = Release|Any CPU
		{868A2E56-9D95-4010-8306-23BB725BEAEA}.Release|iPhone.Deploy.0 = Release|Any CPU
		{868A2E56-9D95-4010-8306-23BB725BEAEA}.Release|iPhoneSimulator.ActiveCfg = Release|Any CPU
		{868A2E56-9D95-4010-8306-23BB725BEAEA}.Release|iPhoneSimulator.Build.0 = Release|Any CPU
		{868A2E56-9D95-4010-8306-23BB725BEAEA}.Release|iPhoneSimulator.Deploy.0 = Release|Any CPU
		{868A2E56-9D95-4010-8306-23BB725BEAEA}.Release|x64.ActiveCfg = Release|Any CPU
		{868A2E56-9D95-4010-8306-23BB725BEAEA}.Release|x64.Build.0 = Release|Any CPU
		{868A2E56-9D95-4010-8306-23BB725BEAEA}.Release|x64.Deploy.0 = Release|Any CPU
		{868A2E56-9D95-4010-8306-23BB725BEAEA}.Release|x86.ActiveCfg = Release|Any CPU
		{868A2E56-9D95-4010-8306-23BB725BEAEA}.Release|x86.Build.0 = Release|Any CPU
		{868A2E56-9D95-4010-8306-23BB725BEAEA}.Release|x86.Deploy.0 = Release|Any CPU
		{758AE466-CA6C-415D-A939-77067D8BBECE}.Ad-Hoc|Any CPU.ActiveCfg = Ad-Hoc|iPhone
		{758AE466-CA6C-415D-A939-77067D8BBECE}.Ad-Hoc|ARM.ActiveCfg = Ad-Hoc|iPhone
		{758AE466-CA6C-415D-A939-77067D8BBECE}.Ad-Hoc|iPhone.ActiveCfg = Ad-Hoc|iPhone
		{758AE466-CA6C-415D-A939-77067D8BBECE}.Ad-Hoc|iPhone.Build.0 = Ad-Hoc|iPhone
		{758AE466-CA6C-415D-A939-77067D8BBECE}.Ad-Hoc|iPhoneSimulator.ActiveCfg = Ad-Hoc|iPhoneSimulator
		{758AE466-CA6C-415D-A939-77067D8BBECE}.Ad-Hoc|iPhoneSimulator.Build.0 = Ad-Hoc|iPhoneSimulator
		{758AE466-CA6C-415D-A939-77067D8BBECE}.Ad-Hoc|x64.ActiveCfg = Ad-Hoc|iPhone
		{758AE466-CA6C-415D-A939-77067D8BBECE}.Ad-Hoc|x86.ActiveCfg = Ad-Hoc|iPhone
		{758AE466-CA6C-415D-A939-77067D8BBECE}.AppStore|Any CPU.ActiveCfg = AppStore|iPhone
		{758AE466-CA6C-415D-A939-77067D8BBECE}.AppStore|ARM.ActiveCfg = AppStore|iPhone
		{758AE466-CA6C-415D-A939-77067D8BBECE}.AppStore|iPhone.ActiveCfg = AppStore|iPhone
		{758AE466-CA6C-415D-A939-77067D8BBECE}.AppStore|iPhone.Build.0 = AppStore|iPhone
		{758AE466-CA6C-415D-A939-77067D8BBECE}.AppStore|iPhoneSimulator.ActiveCfg = AppStore|iPhoneSimulator
		{758AE466-CA6C-415D-A939-77067D8BBECE}.AppStore|iPhoneSimulator.Build.0 = AppStore|iPhoneSimulator
		{758AE466-CA6C-415D-A939-77067D8BBECE}.AppStore|x64.ActiveCfg = AppStore|iPhone
		{758AE466-CA6C-415D-A939-77067D8BBECE}.AppStore|x86.ActiveCfg = AppStore|iPhone
		{758AE466-CA6C-415D-A939-77067D8BBECE}.Debug|Any CPU.ActiveCfg = Debug|iPhone
		{758AE466-CA6C-415D-A939-77067D8BBECE}.Debug|Any CPU.Build.0 = Debug|iPhone
		{758AE466-CA6C-415D-A939-77067D8BBECE}.Debug|ARM.ActiveCfg = Debug|iPhone
		{758AE466-CA6C-415D-A939-77067D8BBECE}.Debug|iPhone.ActiveCfg = Debug|iPhone
		{758AE466-CA6C-415D-A939-77067D8BBECE}.Debug|iPhone.Build.0 = Debug|iPhone
		{758AE466-CA6C-415D-A939-77067D8BBECE}.Debug|iPhoneSimulator.ActiveCfg = Debug|iPhoneSimulator
		{758AE466-CA6C-415D-A939-77067D8BBECE}.Debug|iPhoneSimulator.Build.0 = Debug|iPhoneSimulator
		{758AE466-CA6C-415D-A939-77067D8BBECE}.Debug|x64.ActiveCfg = Debug|iPhone
		{758AE466-CA6C-415D-A939-77067D8BBECE}.Debug|x86.ActiveCfg = Debug|iPhone
		{758AE466-CA6C-415D-A939-77067D8BBECE}.Release|Any CPU.ActiveCfg = Release|iPhone
		{758AE466-CA6C-415D-A939-77067D8BBECE}.Release|Any CPU.Build.0 = Release|iPhone
		{758AE466-CA6C-415D-A939-77067D8BBECE}.Release|ARM.ActiveCfg = Release|iPhone
		{758AE466-CA6C-415D-A939-77067D8BBECE}.Release|iPhone.ActiveCfg = Release|iPhone
		{758AE466-CA6C-415D-A939-77067D8BBECE}.Release|iPhone.Build.0 = Release|iPhone
		{758AE466-CA6C-415D-A939-77067D8BBECE}.Release|iPhoneSimulator.ActiveCfg = Release|iPhoneSimulator
		{758AE466-CA6C-415D-A939-77067D8BBECE}.Release|iPhoneSimulator.Build.0 = Release|iPhoneSimulator
		{758AE466-CA6C-415D-A939-77067D8BBECE}.Release|x64.ActiveCfg = Release|iPhone
		{758AE466-CA6C-415D-A939-77067D8BBECE}.Release|x86.ActiveCfg = Release|iPhone
	EndGlobalSection
	GlobalSection(SolutionProperties) = preSolution
		HideSolutionNode = FALSE
	EndGlobalSection
EndGlobal
